
Microsoft Visual Studio Solution File, Format Version 12.00
# Visual Studio Version 16
VisualStudioVersion = 16.0.29324.140
MinimumVisualStudioVersion = 10.0.40219.1
Project("{FAE04EC0-301F-11D3-BF4B-00C04F79EFBC}") = "NFA2DFA", "NFA2DFA\NFA2DFA.csproj", "{40170FA3-8D73-4F13-9E31-A09FDDE65FDC}"
EndProject
Global
	GlobalSection(SolutionConfigurationPlatforms) = preSolution
		Debug|Any CPU = Debug|Any CPU
		Release|Any CPU = Release|Any CPU
	EndGlobalSection
	GlobalSection(ProjectConfigurationPlatforms) = postSolution
		{40170FA3-8D73-4F13-9E31-A09FDDE65FDC}.Debug|Any CPU.ActiveCfg = Debug|Any CPU
		{40170FA3-8D73-4F13-9E31-A09FDDE65FDC}.Debug|Any CPU.Build.0 = Debug|Any CPU
		{40170FA3-8D73-4F13-9E31-A09FDDE65FDC}.Release|Any CPU.ActiveCfg = Release|Any CPU
		{40170FA3-8D73-4F13-9E31-A09FDDE65FDC}.Release|Any CPU.Build.0 = Release|Any CPU
	EndGlobalSection
	GlobalSection(SolutionProperties) = preSolution
		HideSolutionNode = FALSE
	EndGlobalSection
	GlobalSection(ExtensibilityGlobals) = postSolution
		SolutionGuid = {55DD728E-8C45-4264-ABD2-E0BE3122B301}
	EndGlobalSection
EndGlobal
